
Microsoft Visual Studio Solution File, Format Version 12.00
# Visual Studio Version 17
VisualStudioVersion = 17.14.36518.9 d17.14
MinimumVisualStudioVersion = 10.0.40219.1
Project("{FAE04EC0-301F-11D3-BF4B-00C04F79EFBC}") = "THUEDONGANHAN", "THUEDONGANHAN\THUEDONGANHAN.csproj", "{FF19C1C2-C317-4B3D-A5C6-195AA64A0434}"
EndProject
Project("{FAE04EC0-301F-11D3-BF4B-00C04F79EFBC}") = "WEB", "WEB\WEB.csproj", "{21145796-1701-47F8-93D3-E84E51BC6DF7}"
EndProject
Global
	GlobalSection(SolutionConfigurationPlatforms) = preSolution
		Debug|Any CPU = Debug|Any CPU
		Release|Any CPU = Release|Any CPU
	EndGlobalSection
	GlobalSection(ProjectConfigurationPlatforms) = postSolution
		{FF19C1C2-C317-4B3D-A5C6-195AA64A0434}.Debug|Any CPU.ActiveCfg = Debug|Any CPU
		{FF19C1C2-C317-4B3D-A5C6-195AA64A0434}.Debug|Any CPU.Build.0 = Debug|Any CPU
		{FF19C1C2-C317-4B3D-A5C6-195AA64A0434}.Release|Any CPU.ActiveCfg = Release|Any CPU
		{FF19C1C2-C317-4B3D-A5C6-195AA64A0434}.Release|Any CPU.Build.0 = Release|Any CPU
		{21145796-1701-47F8-93D3-E84E51BC6DF7}.Debug|Any CPU.ActiveCfg = Debug|Any CPU
		{21145796-1701-47F8-93D3-E84E51BC6DF7}.Debug|Any CPU.Build.0 = Debug|Any CPU
		{21145796-1701-47F8-93D3-E84E51BC6DF7}.Release|Any CPU.ActiveCfg = Release|Any CPU
		{21145796-1701-47F8-93D3-E84E51BC6DF7}.Release|Any CPU.Build.0 = Release|Any CPU
	EndGlobalSection
	GlobalSection(SolutionProperties) = preSolution
		HideSolutionNode = FALSE
	EndGlobalSection
	GlobalSection(ExtensibilityGlobals) = postSolution
		SolutionGuid = {52A63FA6-DC87-4423-990E-512F3EF64ED0}
	EndGlobalSection
EndGlobal
